<?xml version="1.0" encoding="utf-8"?>
<Project ToolsVersion="4.0" xmlns="http://schemas.microsoft.com/developer/msbuild/2003">
  <ItemGroup>
    <Filter Include="소스 파일">
      <UniqueIdentifier>{4FC737F1-C7A5-4376-A066-2A32D752A2FF}</UniqueIdentifier>
      <Extensions>cpp;c;cc;cxx;c++;cppm;ixx;def;odl;idl;hpj;bat;asm;asmx</Extensions>
    </Filter>
    <Filter Include="헤더 파일">
      <UniqueIdentifier>{93995380-89BD-4b04-88EB-625FBE52EBFB}</UniqueIdentifier>
      <Extensions>h;hh;hpp;hxx;h++;hm;inl;inc;ipp;xsd</Extensions>
    </Filter>
    <Filter Include="리소스 파일">
      <UniqueIdentifier>{67DA6AB6-F800-4c08-8B7A-83BB121AAD01}</UniqueIdentifier>
      <Extensions>rc;ico;cur;bmp;dlg;rc2;rct;bin;rgs;gif;jpg;jpeg;jpe;resx;tiff;tif;png;wav;mfcribbon-ms</Extensions>
    </Filter>
    <Filter Include="소스 파일\NodeFactory">
      <UniqueIdentifier>{31aa386c-8a8f-433e-98be-6c031c48dbbb}</UniqueIdentifier>
    </Filter>
    <Filter Include="소스 파일\NodeManager">
      <UniqueIdentifier>{e11470bb-68f7-47df-9979-c877195dc10d}</UniqueIdentifier>
    </Filter>
    <Filter Include="소스 파일\Node">
      <UniqueIdentifier>{3a459855-7921-4c07-b3fd-449f82991fe2}</UniqueIdentifier>
    </Filter>
    <Filter Include="소스 파일\SimulatedAnnealing">
      <UniqueIdentifier>{cd46c196-f28b-4365-ac61-a0e0e7f2b38a}</UniqueIdentifier>
    </Filter>
  </ItemGroup>
  <ItemGroup>
    <ClCompile Include="main.cpp">
      <Filter>소스 파일</Filter>
    </ClCompile>
    <ClCompile Include="Node.cpp">
      <Filter>소스 파일\Node</Filter>
    </ClCompile>
    <ClCompile Include="NodeManager.cpp">
      <Filter>소스 파일\NodeManager</Filter>
    </ClCompile>
    <ClCompile Include="NodeFactory.cpp">
      <Filter>소스 파일\NodeFactory</Filter>
    </ClCompile>
    <ClCompile Include="SimulatedAnnealing.cpp">
      <Filter>소스 파일\SimulatedAnnealing</Filter>
    </ClCompile>
  </ItemGroup>
  <ItemGroup>
    <ClInclude Include="header.h">
      <Filter>헤더 파일</Filter>
    </ClInclude>
    <ClInclude Include="Node.h">
      <Filter>소스 파일\Node</Filter>
    </ClInclude>
    <ClInclude Include="NodeManager.h">
      <Filter>소스 파일\NodeManager</Filter>
    </ClInclude>
    <ClInclude Include="NodeFactory.h">
      <Filter>소스 파일\NodeFactory</Filter>
    </ClInclude>
    <ClInclude Include="SimulatedAnnealing.h">
      <Filter>소스 파일\SimulatedAnnealing</Filter>
    </ClInclude>
  </ItemGroup>
</Project>